// !$*UTF8*$!
{
	archiveVersion = 1;
	classes = {
	};
	objectVersion = 45;
	objects = {

/* Begin PBXBuildFile section */
		A215000210B2548200774314 /* libLayerManager.a in Frameworks */ = {isa = PBXBuildFile; fileRef = D2AAC07E0554694100DB518D /* libLayerManager.a */; };
		A215000410B2548200774314 /* Foundation.framework in Frameworks */ = {isa = PBXBuildFile; fileRef = AACBBE490F95108600F1A2B1 /* Foundation.framework */; };
		A215FF8A10B2476900774314 /* CarletonLayer.h in Headers */ = {isa = PBXBuildFile; fileRef = A215FF8810B2476900774314 /* CarletonLayer.h */; };
		A215FF8B10B2476900774314 /* CarletonLayer.m in Sources */ = {isa = PBXBuildFile; fileRef = A215FF8910B2476900774314 /* CarletonLayer.m */; };
		A215FFAC10B24F2800774314 /* JSON.h in Headers */ = {isa = PBXBuildFile; fileRef = A215FF9F10B24F2800774314 /* JSON.h */; };
		A215FFAD10B24F2800774314 /* NSObject+SBJSON.h in Headers */ = {isa = PBXBuildFile; fileRef = A215FFA010B24F2800774314 /* NSObject+SBJSON.h */; };
		A215FFAE10B24F2800774314 /* NSObject+SBJSON.m in Sources */ = {isa = PBXBuildFile; fileRef = A215FFA110B24F2800774314 /* NSObject+SBJSON.m */; };
		A215FFAF10B24F2800774314 /* NSString+SBJSON.h in Headers */ = {isa = PBXBuildFile; fileRef = A215FFA210B24F2800774314 /* NSString+SBJSON.h */; };
		A215FFB010B24F2800774314 /* NSString+SBJSON.m in Sources */ = {isa = PBXBuildFile; fileRef = A215FFA310B24F2800774314 /* NSString+SBJSON.m */; };
		A215FFB110B24F2800774314 /* SBJSON.h in Headers */ = {isa = PBXBuildFile; fileRef = A215FFA410B24F2800774314 /* SBJSON.h */; };
		A215FFB210B24F2800774314 /* SBJSON.m in Sources */ = {isa = PBXBuildFile; fileRef = A215FFA510B24F2800774314 /* SBJSON.m */; };
		A215FFB310B24F2800774314 /* SBJsonBase.h in Headers */ = {isa = PBXBuildFile; fileRef = A215FFA610B24F2800774314 /* SBJsonBase.h */; };
		A215FFB410B24F2800774314 /* SBJsonBase.m in Sources */ = {isa = PBXBuildFile; fileRef = A215FFA710B24F2800774314 /* SBJsonBase.m */; };
		A215FFB510B24F2800774314 /* SBJsonParser.h in Headers */ = {isa = PBXBuildFile; fileRef = A215FFA810B24F2800774314 /* SBJsonParser.h */; };
		A215FFB610B24F2800774314 /* SBJsonParser.m in Sources */ = {isa = PBXBuildFile; fileRef = A215FFA910B24F2800774314 /* SBJsonParser.m */; };
		A215FFB710B24F2800774314 /* SBJsonWriter.h in Headers */ = {isa = PBXBuildFile; fileRef = A215FFAA10B24F2800774314 /* SBJsonWriter.h */; };
		A215FFB810B24F2800774314 /* SBJsonWriter.m in Sources */ = {isa = PBXBuildFile; fileRef = A215FFAB10B24F2800774314 /* SBJsonWriter.m */; };
		A251B08C10F53CB10041E1D7 /* CoreLocation.framework in Frameworks */ = {isa = PBXBuildFile; fileRef = B8BC147E109EBBB8000701DF /* CoreLocation.framework */; };
		A251B08D10F53CB30041E1D7 /* CoreLocation.framework in Frameworks */ = {isa = PBXBuildFile; fileRef = B8BC147E109EBBB8000701DF /* CoreLocation.framework */; };
		A2D2085F110E62C100C99513 /* GNEditingTableViewController.h in Headers */ = {isa = PBXBuildFile; fileRef = A2D2085C110E62C100C99513 /* GNEditingTableViewController.h */; };
		A2D20860110E62C100C99513 /* GNEditingTableViewController.m in Sources */ = {isa = PBXBuildFile; fileRef = A2D2085D110E62C100C99513 /* GNEditingTableViewController.m */; };
		AA747D9F0F9514B9006C5449 /* LayerManager_Prefix.pch in Headers */ = {isa = PBXBuildFile; fileRef = AA747D9E0F9514B9006C5449 /* LayerManager_Prefix.pch */; };
		AACBBE4A0F95108600F1A2B1 /* Foundation.framework in Frameworks */ = {isa = PBXBuildFile; fileRef = AACBBE490F95108600F1A2B1 /* Foundation.framework */; };
		B81C4D6910CF4F1100EA3205 /* LayerManager.h in Headers */ = {isa = PBXBuildFile; fileRef = B81C4D6810CF4F1100EA3205 /* LayerManager.h */; };
		B855D74A110D3849001CF7BD /* UIKit.framework in Frameworks */ = {isa = PBXBuildFile; fileRef = B855D749110D3849001CF7BD /* UIKit.framework */; };
		B855D74E110D3851001CF7BD /* CoreGraphics.framework in Frameworks */ = {isa = PBXBuildFile; fileRef = B855D74D110D3851001CF7BD /* CoreGraphics.framework */; };
		B85D52901105A1370067D658 /* FoodLayer.m in Sources */ = {isa = PBXBuildFile; fileRef = FCE3BA2610F900AC003BE4A2 /* FoodLayer.m */; };
		B85D52911105A1410067D658 /* FoodLayer.h in Headers */ = {isa = PBXBuildFile; fileRef = FCE3BA2510F900AC003BE4A2 /* FoodLayer.h */; };
		B88D771910CF6110003A76A1 /* TweetLayer.h in Headers */ = {isa = PBXBuildFile; fileRef = B88D771710CF6110003A76A1 /* TweetLayer.h */; };
		B88D771A10CF6110003A76A1 /* TweetLayer.m in Sources */ = {isa = PBXBuildFile; fileRef = B88D771810CF6110003A76A1 /* TweetLayer.m */; };
		B89BA2FF11081DA900A5FE3C /* MapKit.framework in Frameworks */ = {isa = PBXBuildFile; fileRef = B89BA2FE11081DA900A5FE3C /* MapKit.framework */; };
		B8AD59231106B89900D2E6A0 /* CarletonView.xib in Resources */ = {isa = PBXBuildFile; fileRef = B8AD59211106B89900D2E6A0 /* CarletonView.xib */; };
		B8BC1464109EBAEC000701DF /* GNLandmark.h in Headers */ = {isa = PBXBuildFile; fileRef = B8BC145E109EBAEC000701DF /* GNLandmark.h */; };
		B8BC1465109EBAEC000701DF /* GNLandmark.m in Sources */ = {isa = PBXBuildFile; fileRef = B8BC145F109EBAEC000701DF /* GNLandmark.m */; };
		B8BC1466109EBAEC000701DF /* GNLayer.h in Headers */ = {isa = PBXBuildFile; fileRef = B8BC1460109EBAEC000701DF /* GNLayer.h */; };
		B8BC1467109EBAEC000701DF /* GNLayer.m in Sources */ = {isa = PBXBuildFile; fileRef = B8BC1461109EBAEC000701DF /* GNLayer.m */; };
		B8BC1468109EBAEC000701DF /* GNLayerManager.h in Headers */ = {isa = PBXBuildFile; fileRef = B8BC1462109EBAEC000701DF /* GNLayerManager.h */; };
		B8BC1469109EBAEC000701DF /* GNLayerManager.m in Sources */ = {isa = PBXBuildFile; fileRef = B8BC1463109EBAEC000701DF /* GNLayerManager.m */; };
		B8CB2DB4110D844100BED463 /* libGHUnitIPhoneSimulator3_0.a in Frameworks */ = {isa = PBXBuildFile; fileRef = B8CB2DAF110D840800BED463 /* libGHUnitIPhoneSimulator3_0.a */; };
		B8CB2DD0110D84EF00BED463 /* UnitTestCase.m in Sources */ = {isa = PBXBuildFile; fileRef = A251AE9010F525160041E1D7 /* UnitTestCase.m */; };
		B8CB2E96110D8B2E00BED463 /* GHUnitIPhoneTestMain.m in Sources */ = {isa = PBXBuildFile; fileRef = B8CB2E95110D8B2E00BED463 /* GHUnitIPhoneTestMain.m */; };
/* End PBXBuildFile section */

/* Begin PBXContainerItemProxy section */
		A215019610B26A8700774314 /* PBXContainerItemProxy */ = {
			isa = PBXContainerItemProxy;
			containerPortal = 0867D690FE84028FC02AAC07 /* Project object */;
			proxyType = 1;
			remoteGlobalIDString = D2AAC07D0554694100DB518D;
			remoteInfo = LayerManager;
		};
		B8CB2DAE110D840800BED463 /* PBXContainerItemProxy */ = {
			isa = PBXContainerItemProxy;
			containerPortal = B8CB2DA4110D840800BED463 /* GHUnitIPhone.xcodeproj */;
			proxyType = 2;
			remoteGlobalIDString = 00A952F50FDA2B99006A80A6;
			remoteInfo = "GHUnitIPhone (Simulator-3.0)";
		};
		B8CB2DB0110D840800BED463 /* PBXContainerItemProxy */ = {
			isa = PBXContainerItemProxy;
			containerPortal = B8CB2DA4110D840800BED463 /* GHUnitIPhone.xcodeproj */;
			proxyType = 2;
			remoteGlobalIDString = 00A953270FDA2BB8006A80A6;
			remoteInfo = "GHUnitIPhone (Device-3.0)";
		};
		B8CB2DB2110D840800BED463 /* PBXContainerItemProxy */ = {
			isa = PBXContainerItemProxy;
			containerPortal = B8CB2DA4110D840800BED463 /* GHUnitIPhone.xcodeproj */;
			proxyType = 2;
			remoteGlobalIDString = 1D6058910D05DD3D006BFB54;
			remoteInfo = Tests;
		};
/* End PBXContainerItemProxy section */

/* Begin PBXFileReference section */
		A215FF8810B2476900774314 /* CarletonLayer.h */ = {isa = PBXFileReference; fileEncoding = 4; lastKnownFileType = sourcecode.c.h; path = CarletonLayer.h; sourceTree = "<group>"; };
		A215FF8910B2476900774314 /* CarletonLayer.m */ = {isa = PBXFileReference; fileEncoding = 4; lastKnownFileType = sourcecode.c.objc; path = CarletonLayer.m; sourceTree = "<group>"; };
		A215FF9F10B24F2800774314 /* JSON.h */ = {isa = PBXFileReference; fileEncoding = 4; lastKnownFileType = sourcecode.c.h; path = JSON.h; sourceTree = "<group>"; };
		A215FFA010B24F2800774314 /* NSObject+SBJSON.h */ = {isa = PBXFileReference; fileEncoding = 4; lastKnownFileType = sourcecode.c.h; path = "NSObject+SBJSON.h"; sourceTree = "<group>"; };
		A215FFA110B24F2800774314 /* NSObject+SBJSON.m */ = {isa = PBXFileReference; fileEncoding = 4; lastKnownFileType = sourcecode.c.objc; path = "NSObject+SBJSON.m"; sourceTree = "<group>"; };
		A215FFA210B24F2800774314 /* NSString+SBJSON.h */ = {isa = PBXFileReference; fileEncoding = 4; lastKnownFileType = sourcecode.c.h; path = "NSString+SBJSON.h"; sourceTree = "<group>"; };
		A215FFA310B24F2800774314 /* NSString+SBJSON.m */ = {isa = PBXFileReference; fileEncoding = 4; lastKnownFileType = sourcecode.c.objc; path = "NSString+SBJSON.m"; sourceTree = "<group>"; };
		A215FFA410B24F2800774314 /* SBJSON.h */ = {isa = PBXFileReference; fileEncoding = 4; lastKnownFileType = sourcecode.c.h; path = SBJSON.h; sourceTree = "<group>"; };
		A215FFA510B24F2800774314 /* SBJSON.m */ = {isa = PBXFileReference; fileEncoding = 4; lastKnownFileType = sourcecode.c.objc; path = SBJSON.m; sourceTree = "<group>"; };
		A215FFA610B24F2800774314 /* SBJsonBase.h */ = {isa = PBXFileReference; fileEncoding = 4; lastKnownFileType = sourcecode.c.h; path = SBJsonBase.h; sourceTree = "<group>"; };
		A215FFA710B24F2800774314 /* SBJsonBase.m */ = {isa = PBXFileReference; fileEncoding = 4; lastKnownFileType = sourcecode.c.objc; path = SBJsonBase.m; sourceTree = "<group>"; };
		A215FFA810B24F2800774314 /* SBJsonParser.h */ = {isa = PBXFileReference; fileEncoding = 4; lastKnownFileType = sourcecode.c.h; path = SBJsonParser.h; sourceTree = "<group>"; };
		A215FFA910B24F2800774314 /* SBJsonParser.m */ = {isa = PBXFileReference; fileEncoding = 4; lastKnownFileType = sourcecode.c.objc; path = SBJsonParser.m; sourceTree = "<group>"; };
		A215FFAA10B24F2800774314 /* SBJsonWriter.h */ = {isa = PBXFileReference; fileEncoding = 4; lastKnownFileType = sourcecode.c.h; path = SBJsonWriter.h; sourceTree = "<group>"; };
		A215FFAB10B24F2800774314 /* SBJsonWriter.m */ = {isa = PBXFileReference; fileEncoding = 4; lastKnownFileType = sourcecode.c.objc; path = SBJsonWriter.m; sourceTree = "<group>"; };
		A215FFFC10B2546600774314 /* TesterApp.app */ = {isa = PBXFileReference; explicitFileType = wrapper.application; includeInIndex = 0; path = TesterApp.app; sourceTree = BUILT_PRODUCTS_DIR; };
		A215FFFE10B2546600774314 /* TesterApp-Info.plist */ = {isa = PBXFileReference; lastKnownFileType = text.plist.xml; path = "TesterApp-Info.plist"; sourceTree = "<group>"; };
		A251AE8F10F525160041E1D7 /* UnitTestCase.h */ = {isa = PBXFileReference; fileEncoding = 4; lastKnownFileType = sourcecode.c.h; path = UnitTestCase.h; sourceTree = "<group>"; };
		A251AE9010F525160041E1D7 /* UnitTestCase.m */ = {isa = PBXFileReference; fileEncoding = 4; lastKnownFileType = sourcecode.c.objc; path = UnitTestCase.m; sourceTree = "<group>"; };
		A25B5893111A272200C63840 /* academic.png */ = {isa = PBXFileReference; lastKnownFileType = image.png; path = academic.png; sourceTree = "<group>"; };
		A25B5894111A272200C63840 /* bird.png */ = {isa = PBXFileReference; lastKnownFileType = image.png; path = bird.png; sourceTree = "<group>"; };
		A25B5895111A272200C63840 /* food.png */ = {isa = PBXFileReference; lastKnownFileType = image.png; path = food.png; sourceTree = "<group>"; };
		A2D2085C110E62C100C99513 /* GNEditingTableViewController.h */ = {isa = PBXFileReference; fileEncoding = 4; lastKnownFileType = sourcecode.c.h; path = GNEditingTableViewController.h; sourceTree = "<group>"; };
		A2D2085D110E62C100C99513 /* GNEditingTableViewController.m */ = {isa = PBXFileReference; fileEncoding = 4; lastKnownFileType = sourcecode.c.objc; path = GNEditingTableViewController.m; sourceTree = "<group>"; };
		A2D2085E110E62C100C99513 /* GNEditingTable.xib */ = {isa = PBXFileReference; lastKnownFileType = file.xib; path = GNEditingTable.xib; sourceTree = "<group>"; };
		AA747D9E0F9514B9006C5449 /* LayerManager_Prefix.pch */ = {isa = PBXFileReference; fileEncoding = 4; lastKnownFileType = sourcecode.c.h; path = LayerManager_Prefix.pch; sourceTree = SOURCE_ROOT; };
		AACBBE490F95108600F1A2B1 /* Foundation.framework */ = {isa = PBXFileReference; lastKnownFileType = wrapper.framework; name = Foundation.framework; path = System/Library/Frameworks/Foundation.framework; sourceTree = SDKROOT; };
		B81C4D6810CF4F1100EA3205 /* LayerManager.h */ = {isa = PBXFileReference; fileEncoding = 4; lastKnownFileType = sourcecode.c.h; path = LayerManager.h; sourceTree = "<group>"; };
		B855D749110D3849001CF7BD /* UIKit.framework */ = {isa = PBXFileReference; lastKnownFileType = wrapper.framework; name = UIKit.framework; path = System/Library/Frameworks/UIKit.framework; sourceTree = SDKROOT; };
		B855D74D110D3851001CF7BD /* CoreGraphics.framework */ = {isa = PBXFileReference; lastKnownFileType = wrapper.framework; name = CoreGraphics.framework; path = System/Library/Frameworks/CoreGraphics.framework; sourceTree = SDKROOT; };
		B88D771710CF6110003A76A1 /* TweetLayer.h */ = {isa = PBXFileReference; fileEncoding = 4; lastKnownFileType = sourcecode.c.h; path = TweetLayer.h; sourceTree = "<group>"; };
		B88D771810CF6110003A76A1 /* TweetLayer.m */ = {isa = PBXFileReference; fileEncoding = 4; lastKnownFileType = sourcecode.c.objc; path = TweetLayer.m; sourceTree = "<group>"; };
		B89BA2FE11081DA900A5FE3C /* MapKit.framework */ = {isa = PBXFileReference; lastKnownFileType = wrapper.framework; name = MapKit.framework; path = System/Library/Frameworks/MapKit.framework; sourceTree = SDKROOT; };
		B8AD59211106B89900D2E6A0 /* CarletonView.xib */ = {isa = PBXFileReference; lastKnownFileType = file.xib; path = CarletonView.xib; sourceTree = "<group>"; };
		B8BC145E109EBAEC000701DF /* GNLandmark.h */ = {isa = PBXFileReference; fileEncoding = 4; lastKnownFileType = sourcecode.c.h; path = GNLandmark.h; sourceTree = "<group>"; };
		B8BC145F109EBAEC000701DF /* GNLandmark.m */ = {isa = PBXFileReference; fileEncoding = 4; lastKnownFileType = sourcecode.c.objc; path = GNLandmark.m; sourceTree = "<group>"; };
		B8BC1460109EBAEC000701DF /* GNLayer.h */ = {isa = PBXFileReference; fileEncoding = 4; lastKnownFileType = sourcecode.c.h; path = GNLayer.h; sourceTree = "<group>"; };
		B8BC1461109EBAEC000701DF /* GNLayer.m */ = {isa = PBXFileReference; fileEncoding = 4; lastKnownFileType = sourcecode.c.objc; path = GNLayer.m; sourceTree = "<group>"; };
		B8BC1462109EBAEC000701DF /* GNLayerManager.h */ = {isa = PBXFileReference; fileEncoding = 4; lastKnownFileType = sourcecode.c.h; path = GNLayerManager.h; sourceTree = "<group>"; };
		B8BC1463109EBAEC000701DF /* GNLayerManager.m */ = {isa = PBXFileReference; fileEncoding = 4; lastKnownFileType = sourcecode.c.objc; path = GNLayerManager.m; sourceTree = "<group>"; };
		B8BC147E109EBBB8000701DF /* CoreLocation.framework */ = {isa = PBXFileReference; lastKnownFileType = wrapper.framework; name = CoreLocation.framework; path = System/Library/Frameworks/CoreLocation.framework; sourceTree = SDKROOT; };
		B8CB2DA4110D840800BED463 /* GHUnitIPhone.xcodeproj */ = {isa = PBXFileReference; lastKnownFileType = "wrapper.pb-project"; name = GHUnitIPhone.xcodeproj; path = "ghunit/Project-IPhone/GHUnitIPhone.xcodeproj"; sourceTree = "<group>"; };
		B8CB2E95110D8B2E00BED463 /* GHUnitIPhoneTestMain.m */ = {isa = PBXFileReference; fileEncoding = 4; lastKnownFileType = sourcecode.c.objc; name = GHUnitIPhoneTestMain.m; path = "ghunit/Classes-IPhone/GHUnitIPhoneTestMain.m"; sourceTree = "<group>"; };
		D2AAC07E0554694100DB518D /* libLayerManager.a */ = {isa = PBXFileReference; explicitFileType = archive.ar; includeInIndex = 0; path = libLayerManager.a; sourceTree = BUILT_PRODUCTS_DIR; };
		FCE3BA2510F900AC003BE4A2 /* FoodLayer.h */ = {isa = PBXFileReference; fileEncoding = 4; lastKnownFileType = sourcecode.c.h; path = FoodLayer.h; sourceTree = "<group>"; };
		FCE3BA2610F900AC003BE4A2 /* FoodLayer.m */ = {isa = PBXFileReference; fileEncoding = 4; lastKnownFileType = sourcecode.c.objc; path = FoodLayer.m; sourceTree = "<group>"; };
/* End PBXFileReference section */

/* Begin PBXFrameworksBuildPhase section */
		A215FFFA10B2546600774314 /* Frameworks */ = {
			isa = PBXFrameworksBuildPhase;
			buildActionMask = 2147483647;
			files = (
				A215000210B2548200774314 /* libLayerManager.a in Frameworks */,
				A215000410B2548200774314 /* Foundation.framework in Frameworks */,
				A251B08D10F53CB30041E1D7 /* CoreLocation.framework in Frameworks */,
				B855D74A110D3849001CF7BD /* UIKit.framework in Frameworks */,
				B855D74E110D3851001CF7BD /* CoreGraphics.framework in Frameworks */,
				B8CB2DB4110D844100BED463 /* libGHUnitIPhoneSimulator3_0.a in Frameworks */,
			);
			runOnlyForDeploymentPostprocessing = 0;
		};
		D2AAC07C0554694100DB518D /* Frameworks */ = {
			isa = PBXFrameworksBuildPhase;
			buildActionMask = 2147483647;
			files = (
				AACBBE4A0F95108600F1A2B1 /* Foundation.framework in Frameworks */,
				A251B08C10F53CB10041E1D7 /* CoreLocation.framework in Frameworks */,
				B89BA2FF11081DA900A5FE3C /* MapKit.framework in Frameworks */,
			);
			runOnlyForDeploymentPostprocessing = 0;
		};
/* End PBXFrameworksBuildPhase section */

/* Begin PBXGroup section */
		034768DFFF38A50411DB9C8B /* Products */ = {
			isa = PBXGroup;
			children = (
				D2AAC07E0554694100DB518D /* libLayerManager.a */,
				A215FFFC10B2546600774314 /* TesterApp.app */,
			);
			name = Products;
			sourceTree = "<group>";
		};
		0867D691FE84028FC02AAC07 /* LayerManager */ = {
			isa = PBXGroup;
			children = (
				B8CB2E91110D8B2400BED463 /* GHUnit */,
				A251AE8710F523650041E1D7 /* Tests */,
				A215FF9E10B24F2800774314 /* JSON */,
				08FB77AEFE84172EC02AAC07 /* Classes */,
				32C88DFF0371C24200C91783 /* Other Sources */,
				B8AD59261106B8B800D2E6A0 /* Resources */,
				0867D69AFE84028FC02AAC07 /* Frameworks */,
				034768DFFF38A50411DB9C8B /* Products */,
				A215FFFE10B2546600774314 /* TesterApp-Info.plist */,
				B855D749110D3849001CF7BD /* UIKit.framework */,
				B855D74D110D3851001CF7BD /* CoreGraphics.framework */,
				B8CB2DA4110D840800BED463 /* GHUnitIPhone.xcodeproj */,
			);
			name = LayerManager;
			sourceTree = "<group>";
		};
		0867D69AFE84028FC02AAC07 /* Frameworks */ = {
			isa = PBXGroup;
			children = (
				B89BA2FE11081DA900A5FE3C /* MapKit.framework */,
				AACBBE490F95108600F1A2B1 /* Foundation.framework */,
				B8BC147E109EBBB8000701DF /* CoreLocation.framework */,
			);
			name = Frameworks;
			sourceTree = "<group>";
		};
		08FB77AEFE84172EC02AAC07 /* Classes */ = {
			isa = PBXGroup;
			children = (
				A2D2085C110E62C100C99513 /* GNEditingTableViewController.h */,
				A2D2085D110E62C100C99513 /* GNEditingTableViewController.m */,
				B81C4D6810CF4F1100EA3205 /* LayerManager.h */,
				B8BC145E109EBAEC000701DF /* GNLandmark.h */,
				B8BC145F109EBAEC000701DF /* GNLandmark.m */,
				FCE3BA2510F900AC003BE4A2 /* FoodLayer.h */,
				FCE3BA2610F900AC003BE4A2 /* FoodLayer.m */,
				B8BC1460109EBAEC000701DF /* GNLayer.h */,
				B8BC1461109EBAEC000701DF /* GNLayer.m */,
				B8BC1462109EBAEC000701DF /* GNLayerManager.h */,
				B8BC1463109EBAEC000701DF /* GNLayerManager.m */,
				A215FF8810B2476900774314 /* CarletonLayer.h */,
				A215FF8910B2476900774314 /* CarletonLayer.m */,
				B88D771710CF6110003A76A1 /* TweetLayer.h */,
				B88D771810CF6110003A76A1 /* TweetLayer.m */,
			);
			name = Classes;
			sourceTree = "<group>";
		};
		32C88DFF0371C24200C91783 /* Other Sources */ = {
			isa = PBXGroup;
			children = (
				AA747D9E0F9514B9006C5449 /* LayerManager_Prefix.pch */,
			);
			name = "Other Sources";
			sourceTree = "<group>";
		};
		A215FF9E10B24F2800774314 /* JSON */ = {
			isa = PBXGroup;
			children = (
				A215FF9F10B24F2800774314 /* JSON.h */,
				A215FFA010B24F2800774314 /* NSObject+SBJSON.h */,
				A215FFA110B24F2800774314 /* NSObject+SBJSON.m */,
				A215FFA210B24F2800774314 /* NSString+SBJSON.h */,
				A215FFA310B24F2800774314 /* NSString+SBJSON.m */,
				A215FFA410B24F2800774314 /* SBJSON.h */,
				A215FFA510B24F2800774314 /* SBJSON.m */,
				A215FFA610B24F2800774314 /* SBJsonBase.h */,
				A215FFA710B24F2800774314 /* SBJsonBase.m */,
				A215FFA810B24F2800774314 /* SBJsonParser.h */,
				A215FFA910B24F2800774314 /* SBJsonParser.m */,
				A215FFAA10B24F2800774314 /* SBJsonWriter.h */,
				A215FFAB10B24F2800774314 /* SBJsonWriter.m */,
			);
			path = JSON;
			sourceTree = "<group>";
		};
		A251AE8710F523650041E1D7 /* Tests */ = {
			isa = PBXGroup;
			children = (
				A251AE8F10F525160041E1D7 /* UnitTestCase.h */,
				A251AE9010F525160041E1D7 /* UnitTestCase.m */,
			);
			name = Tests;
			sourceTree = "<group>";
		};
		B8AD59261106B8B800D2E6A0 /* Resources */ = {
			isa = PBXGroup;
			children = (
				A2D2085E110E62C100C99513 /* GNEditingTable.xib */,
				B8AD59211106B89900D2E6A0 /* CarletonView.xib */,
				A25B5893111A272200C63840 /* academic.png */,
				A25B5894111A272200C63840 /* bird.png */,
				A25B5895111A272200C63840 /* food.png */,
			);
			name = Resources;
			sourceTree = "<group>";
		};
		B8CB2DA5110D840800BED463 /* Products */ = {
			isa = PBXGroup;
			children = (
				B8CB2DAF110D840800BED463 /* libGHUnitIPhoneSimulator3_0.a */,
				B8CB2DB1110D840800BED463 /* libGHUnitIPhoneDevice3_0.a */,
				B8CB2DB3110D840800BED463 /* Tests.app */,
			);
			name = Products;
			sourceTree = "<group>";
		};
		B8CB2E91110D8B2400BED463 /* GHUnit */ = {
			isa = PBXGroup;
			children = (
				B8CB2E95110D8B2E00BED463 /* GHUnitIPhoneTestMain.m */,
			);
			name = GHUnit;
			sourceTree = "<group>";
		};
/* End PBXGroup section */

/* Begin PBXHeadersBuildPhase section */
		D2AAC07A0554694100DB518D /* Headers */ = {
			isa = PBXHeadersBuildPhase;
			buildActionMask = 2147483647;
			files = (
				B85D52911105A1410067D658 /* FoodLayer.h in Headers */,
				AA747D9F0F9514B9006C5449 /* LayerManager_Prefix.pch in Headers */,
				B8BC1464109EBAEC000701DF /* GNLandmark.h in Headers */,
				B8BC1466109EBAEC000701DF /* GNLayer.h in Headers */,
				B8BC1468109EBAEC000701DF /* GNLayerManager.h in Headers */,
				A215FF8A10B2476900774314 /* CarletonLayer.h in Headers */,
				A215FFAC10B24F2800774314 /* JSON.h in Headers */,
				A215FFAD10B24F2800774314 /* NSObject+SBJSON.h in Headers */,
				A215FFAF10B24F2800774314 /* NSString+SBJSON.h in Headers */,
				A215FFB110B24F2800774314 /* SBJSON.h in Headers */,
				A215FFB310B24F2800774314 /* SBJsonBase.h in Headers */,
				A215FFB510B24F2800774314 /* SBJsonParser.h in Headers */,
				A215FFB710B24F2800774314 /* SBJsonWriter.h in Headers */,
				B81C4D6910CF4F1100EA3205 /* LayerManager.h in Headers */,
				B88D771910CF6110003A76A1 /* TweetLayer.h in Headers */,
				A2D2085F110E62C100C99513 /* GNEditingTableViewController.h in Headers */,
			);
			runOnlyForDeploymentPostprocessing = 0;
		};
/* End PBXHeadersBuildPhase section */

/* Begin PBXNativeTarget section */
		A215FFFB10B2546600774314 /* TesterApp */ = {
			isa = PBXNativeTarget;
			buildConfigurationList = A215000110B2546600774314 /* Build configuration list for PBXNativeTarget "TesterApp" */;
			buildPhases = (
				A215FFF810B2546600774314 /* Resources */,
				A215FFF910B2546600774314 /* Sources */,
				A215FFFA10B2546600774314 /* Frameworks */,
			);
			buildRules = (
			);
			dependencies = (
				A215019710B26A8700774314 /* PBXTargetDependency */,
			);
			name = TesterApp;
			productName = TesterApp;
			productReference = A215FFFC10B2546600774314 /* TesterApp.app */;
			productType = "com.apple.product-type.application";
		};
		D2AAC07D0554694100DB518D /* LayerManager */ = {
			isa = PBXNativeTarget;
			buildConfigurationList = 1DEB921E08733DC00010E9CD /* Build configuration list for PBXNativeTarget "LayerManager" */;
			buildPhases = (
				D2AAC07A0554694100DB518D /* Headers */,
				D2AAC07B0554694100DB518D /* Sources */,
				D2AAC07C0554694100DB518D /* Frameworks */,
			);
			buildRules = (
			);
			dependencies = (
			);
			name = LayerManager;
			productName = LayerManager;
			productReference = D2AAC07E0554694100DB518D /* libLayerManager.a */;
			productType = "com.apple.product-type.library.static";
		};
/* End PBXNativeTarget section */

/* Begin PBXProject section */
		0867D690FE84028FC02AAC07 /* Project object */ = {
			isa = PBXProject;
			buildConfigurationList = 1DEB922208733DC00010E9CD /* Build configuration list for PBXProject "LayerManager" */;
			compatibilityVersion = "Xcode 3.1";
			hasScannedForEncodings = 1;
			mainGroup = 0867D691FE84028FC02AAC07 /* LayerManager */;
			productRefGroup = 034768DFFF38A50411DB9C8B /* Products */;
			projectDirPath = "";
			projectReferences = (
				{
					ProductGroup = B8CB2DA5110D840800BED463 /* Products */;
					ProjectRef = B8CB2DA4110D840800BED463 /* GHUnitIPhone.xcodeproj */;
				},
			);
			projectRoot = "";
			targets = (
				D2AAC07D0554694100DB518D /* LayerManager */,
				A215FFFB10B2546600774314 /* TesterApp */,
			);
		};
/* End PBXProject section */

/* Begin PBXReferenceProxy section */
		B8CB2DAF110D840800BED463 /* libGHUnitIPhoneSimulator3_0.a */ = {
			isa = PBXReferenceProxy;
			fileType = archive.ar;
			path = libGHUnitIPhoneSimulator3_0.a;
			remoteRef = B8CB2DAE110D840800BED463 /* PBXContainerItemProxy */;
			sourceTree = BUILT_PRODUCTS_DIR;
		};
		B8CB2DB1110D840800BED463 /* libGHUnitIPhoneDevice3_0.a */ = {
			isa = PBXReferenceProxy;
			fileType = archive.ar;
			path = libGHUnitIPhoneDevice3_0.a;
			remoteRef = B8CB2DB0110D840800BED463 /* PBXContainerItemProxy */;
			sourceTree = BUILT_PRODUCTS_DIR;
		};
		B8CB2DB3110D840800BED463 /* Tests.app */ = {
			isa = PBXReferenceProxy;
			fileType = wrapper.application;
			path = Tests.app;
			remoteRef = B8CB2DB2110D840800BED463 /* PBXContainerItemProxy */;
			sourceTree = BUILT_PRODUCTS_DIR;
		};
/* End PBXReferenceProxy section */

/* Begin PBXResourcesBuildPhase section */
		A215FFF810B2546600774314 /* Resources */ = {
			isa = PBXResourcesBuildPhase;
			buildActionMask = 2147483647;
			files = (
				B8AD59231106B89900D2E6A0 /* CarletonView.xib in Resources */,
			);
			runOnlyForDeploymentPostprocessing = 0;
		};
/* End PBXResourcesBuildPhase section */

/* Begin PBXSourcesBuildPhase section */
		A215FFF910B2546600774314 /* Sources */ = {
			isa = PBXSourcesBuildPhase;
			buildActionMask = 2147483647;
			files = (
				B8CB2DD0110D84EF00BED463 /* UnitTestCase.m in Sources */,
				B8CB2E96110D8B2E00BED463 /* GHUnitIPhoneTestMain.m in Sources */,
			);
			runOnlyForDeploymentPostprocessing = 0;
		};
		D2AAC07B0554694100DB518D /* Sources */ = {
			isa = PBXSourcesBuildPhase;
			buildActionMask = 2147483647;
			files = (
				B8BC1465109EBAEC000701DF /* GNLandmark.m in Sources */,
				B8BC1467109EBAEC000701DF /* GNLayer.m in Sources */,
				B8BC1469109EBAEC000701DF /* GNLayerManager.m in Sources */,
				A215FF8B10B2476900774314 /* CarletonLayer.m in Sources */,
				A215FFAE10B24F2800774314 /* NSObject+SBJSON.m in Sources */,
				B85D52901105A1370067D658 /* FoodLayer.m in Sources */,
				A215FFB010B24F2800774314 /* NSString+SBJSON.m in Sources */,
				A215FFB210B24F2800774314 /* SBJSON.m in Sources */,
				A215FFB410B24F2800774314 /* SBJsonBase.m in Sources */,
				A215FFB610B24F2800774314 /* SBJsonParser.m in Sources */,
				A215FFB810B24F2800774314 /* SBJsonWriter.m in Sources */,
				B88D771A10CF6110003A76A1 /* TweetLayer.m in Sources */,
				A2D20860110E62C100C99513 /* GNEditingTableViewController.m in Sources */,
			);
			runOnlyForDeploymentPostprocessing = 0;
		};
/* End PBXSourcesBuildPhase section */

/* Begin PBXTargetDependency section */
		A215019710B26A8700774314 /* PBXTargetDependency */ = {
			isa = PBXTargetDependency;
			target = D2AAC07D0554694100DB518D /* LayerManager */;
			targetProxy = A215019610B26A8700774314 /* PBXContainerItemProxy */;
		};
/* End PBXTargetDependency section */

/* Begin XCBuildConfiguration section */
		1DEB921F08733DC00010E9CD /* Debug */ = {
			isa = XCBuildConfiguration;
			buildSettings = {
				ALWAYS_SEARCH_USER_PATHS = NO;
				ARCHS = "$(ARCHS_STANDARD_32_BIT)";
				COPY_PHASE_STRIP = NO;
				DSTROOT = /tmp/LayerManager.dst;
				GCC_DYNAMIC_NO_PIC = NO;
				GCC_ENABLE_FIX_AND_CONTINUE = YES;
				GCC_MODEL_TUNING = G5;
				GCC_OPTIMIZATION_LEVEL = 0;
				GCC_PRECOMPILE_PREFIX_HEADER = YES;
				GCC_PREFIX_HEADER = LayerManager_Prefix.pch;
				INSTALL_PATH = /usr/local/lib;
				PRODUCT_NAME = LayerManager;
			};
			name = Debug;
		};
		1DEB922008733DC00010E9CD /* Release */ = {
			isa = XCBuildConfiguration;
			buildSettings = {
				ALWAYS_SEARCH_USER_PATHS = NO;
				ARCHS = "$(ARCHS_STANDARD_32_BIT)";
				DSTROOT = /tmp/LayerManager.dst;
				GCC_MODEL_TUNING = G5;
				GCC_PRECOMPILE_PREFIX_HEADER = YES;
				GCC_PREFIX_HEADER = LayerManager_Prefix.pch;
				INSTALL_PATH = /usr/local/lib;
				PRODUCT_NAME = LayerManager;
			};
			name = Release;
		};
		1DEB922308733DC00010E9CD /* Debug */ = {
			isa = XCBuildConfiguration;
			buildSettings = {
				ARCHS = "$(ARCHS_STANDARD_32_BIT)";
				GCC_C_LANGUAGE_STANDARD = c99;
				GCC_OPTIMIZATION_LEVEL = 0;
				GCC_WARN_ABOUT_RETURN_TYPE = YES;
				GCC_WARN_UNUSED_VARIABLE = YES;
				OTHER_LDFLAGS = "-ObjC";
				PREBINDING = NO;
				SDKROOT = iphoneos3.1.2;
			};
			name = Debug;
		};
		1DEB922408733DC00010E9CD /* Release */ = {
			isa = XCBuildConfiguration;
			buildSettings = {
				ARCHS = "$(ARCHS_STANDARD_32_BIT)";
				GCC_C_LANGUAGE_STANDARD = c99;
				GCC_WARN_ABOUT_RETURN_TYPE = YES;
				GCC_WARN_UNUSED_VARIABLE = YES;
				OTHER_LDFLAGS = "-ObjC";
				PREBINDING = NO;
				SDKROOT = iphoneos3.1.2;
			};
			name = Release;
		};
		A215000010B2546600774314 /* Release */ = {
			isa = XCBuildConfiguration;
			buildSettings = {
				ALWAYS_SEARCH_USER_PATHS = NO;
				CODE_SIGN_IDENTITY = "iPhone Developer";
				COPY_PHASE_STRIP = YES;
				DEBUG_INFORMATION_FORMAT = "dwarf-with-dsym";
				FRAMEWORK_SEARCH_PATHS = (
					"\"$(SDKROOT)/Developer/Library/Frameworks\"",
					"\"$(DEVELOPER_LIBRARY_DIR)/Frameworks\"",
				);
				GCC_ENABLE_FIX_AND_CONTINUE = NO;
				GCC_PRECOMPILE_PREFIX_HEADER = YES;
				GCC_PREFIX_HEADER = "$(SYSTEM_LIBRARY_DIR)/Frameworks/UIKit.framework/Headers/UIKit.h";
				HEADER_SEARCH_PATHS = (
					"$(SRCROOT)",
					"$(SRCROOT)/ghunit/**",
				);
				INFOPLIST_FILE = "TesterApp-Info.plist";
				INSTALL_PATH = "$(HOME)/Applications";
				LIBRARY_SEARCH_PATHS = (
					"$(inherited)",
					"\"$(SRCROOT)/libGHUnitIPhone\"",
				);
				OTHER_LDFLAGS = (
					"-framework",
					Foundation,
					"-framework",
					UIKit,
					"-Objc",
					"-all_load",
					"-framework",
					SenTestingKit,
				);
				PREBINDING = NO;
				PRODUCT_NAME = TesterApp;
				SDKROOT = iphoneos3.1.2;
				ZERO_LINK = NO;
			};
			name = Release;
		};
		A215FFFF10B2546600774314 /* Debug */ = {
			isa = XCBuildConfiguration;
			buildSettings = {
				ALWAYS_SEARCH_USER_PATHS = NO;
				CODE_SIGN_IDENTITY = "iPhone Developer";
				COPY_PHASE_STRIP = NO;
				FRAMEWORK_SEARCH_PATHS = (
					"\"$(SDKROOT)/Developer/Library/Frameworks\"",
					"\"$(DEVELOPER_LIBRARY_DIR)/Frameworks\"",
				);
				GCC_DYNAMIC_NO_PIC = NO;
				GCC_OPTIMIZATION_LEVEL = 0;
				GCC_PRECOMPILE_PREFIX_HEADER = YES;
				GCC_PREFIX_HEADER = "$(SYSTEM_LIBRARY_DIR)/Frameworks/UIKit.framework/Headers/UIKit.h";
				HEADER_SEARCH_PATHS = (
					"$(SRCROOT)",
					"$(SRCROOT)/ghunit/**",
				);
				INFOPLIST_FILE = "TesterApp-Info.plist";
				INSTALL_PATH = "$(HOME)/Applications";
				LIBRARY_SEARCH_PATHS = (
					"$(inherited)",
					"\"$(SRCROOT)/libGHUnitIPhone\"",
				);
				OTHER_LDFLAGS = (
					"-framework",
					Foundation,
					"-framework",
					UIKit,
					"-Objc",
					"-all_load",
					"-framework",
					SenTestingKit,
				);
				PREBINDING = NO;
				PRODUCT_NAME = TesterApp;
				SDKROOT = iphoneos3.1.2;
			};
			name = Debug;
		};
/* End XCBuildConfiguration section */

/* Begin XCConfigurationList section */
		1DEB921E08733DC00010E9CD /* Build configuration list for PBXNativeTarget "LayerManager" */ = {
			isa = XCConfigurationList;
			buildConfigurations = (
				1DEB921F08733DC00010E9CD /* Debug */,
				1DEB922008733DC00010E9CD /* Release */,
			);
			defaultConfigurationIsVisible = 0;
			defaultConfigurationName = Release;
		};
		1DEB922208733DC00010E9CD /* Build configuration list for PBXProject "LayerManager" */ = {
			isa = XCConfigurationList;
			buildConfigurations = (
				1DEB922308733DC00010E9CD /* Debug */,
				1DEB922408733DC00010E9CD /* Release */,
			);
			defaultConfigurationIsVisible = 0;
			defaultConfigurationName = Release;
		};
		A215000110B2546600774314 /* Build configuration list for PBXNativeTarget "TesterApp" */ = {
			isa = XCConfigurationList;
			buildConfigurations = (
				A215FFFF10B2546600774314 /* Debug */,
				A215000010B2546600774314 /* Release */,
			);
			defaultConfigurationIsVisible = 0;
			defaultConfigurationName = Release;
		};
/* End XCConfigurationList section */
	};
	rootObject = 0867D690FE84028FC02AAC07 /* Project object */;
}
