// !$*UTF8*$!
{
	archiveVersion = 1;
	classes = {
	};
	objectVersion = 45;
	objects = {

/* Begin PBXBuildFile section */
		A215000210B2548200774314 /* libLayerManager.a in Frameworks */ = {isa = PBXBuildFile; fileRef = D2AAC07E0554694100DB518D /* libLayerManager.a */; };
		A215000310B2548200774314 /* CoreLocation.framework in Frameworks */ = {isa = PBXBuildFile; fileRef = B8BC147E109EBBB8000701DF /* CoreLocation.framework */; };
		A215000410B2548200774314 /* Foundation.framework in Frameworks */ = {isa = PBXBuildFile; fileRef = AACBBE490F95108600F1A2B1 /* Foundation.framework */; };
		A215001D10B254E600774314 /* TesterAppDelegate.m in Sources */ = {isa = PBXBuildFile; fileRef = A215001C10B254E600774314 /* TesterAppDelegate.m */; };
		A215002B10B2557B00774314 /* main.m in Sources */ = {isa = PBXBuildFile; fileRef = A215002A10B2557B00774314 /* main.m */; };
		A215008610B255B000774314 /* MainWindow.xib in Resources */ = {isa = PBXBuildFile; fileRef = A215008510B255B000774314 /* MainWindow.xib */; };
		A215FF8A10B2476900774314 /* CarletonBuildings.h in Headers */ = {isa = PBXBuildFile; fileRef = A215FF8810B2476900774314 /* CarletonBuildings.h */; };
		A215FF8B10B2476900774314 /* CarletonBuildings.m in Sources */ = {isa = PBXBuildFile; fileRef = A215FF8910B2476900774314 /* CarletonBuildings.m */; };
		A215FFAC10B24F2800774314 /* JSON.h in Headers */ = {isa = PBXBuildFile; fileRef = A215FF9F10B24F2800774314 /* JSON.h */; };
		A215FFAD10B24F2800774314 /* NSObject+SBJSON.h in Headers */ = {isa = PBXBuildFile; fileRef = A215FFA010B24F2800774314 /* NSObject+SBJSON.h */; };
		A215FFAE10B24F2800774314 /* NSObject+SBJSON.m in Sources */ = {isa = PBXBuildFile; fileRef = A215FFA110B24F2800774314 /* NSObject+SBJSON.m */; };
		A215FFAF10B24F2800774314 /* NSString+SBJSON.h in Headers */ = {isa = PBXBuildFile; fileRef = A215FFA210B24F2800774314 /* NSString+SBJSON.h */; };
		A215FFB010B24F2800774314 /* NSString+SBJSON.m in Sources */ = {isa = PBXBuildFile; fileRef = A215FFA310B24F2800774314 /* NSString+SBJSON.m */; };
		A215FFB110B24F2800774314 /* SBJSON.h in Headers */ = {isa = PBXBuildFile; fileRef = A215FFA410B24F2800774314 /* SBJSON.h */; };
		A215FFB210B24F2800774314 /* SBJSON.m in Sources */ = {isa = PBXBuildFile; fileRef = A215FFA510B24F2800774314 /* SBJSON.m */; };
		A215FFB310B24F2800774314 /* SBJsonBase.h in Headers */ = {isa = PBXBuildFile; fileRef = A215FFA610B24F2800774314 /* SBJsonBase.h */; };
		A215FFB410B24F2800774314 /* SBJsonBase.m in Sources */ = {isa = PBXBuildFile; fileRef = A215FFA710B24F2800774314 /* SBJsonBase.m */; };
		A215FFB510B24F2800774314 /* SBJsonParser.h in Headers */ = {isa = PBXBuildFile; fileRef = A215FFA810B24F2800774314 /* SBJsonParser.h */; };
		A215FFB610B24F2800774314 /* SBJsonParser.m in Sources */ = {isa = PBXBuildFile; fileRef = A215FFA910B24F2800774314 /* SBJsonParser.m */; };
		A215FFB710B24F2800774314 /* SBJsonWriter.h in Headers */ = {isa = PBXBuildFile; fileRef = A215FFAA10B24F2800774314 /* SBJsonWriter.h */; };
		A215FFB810B24F2800774314 /* SBJsonWriter.m in Sources */ = {isa = PBXBuildFile; fileRef = A215FFAB10B24F2800774314 /* SBJsonWriter.m */; };
		AA747D9F0F9514B9006C5449 /* LayerManager_Prefix.pch in Headers */ = {isa = PBXBuildFile; fileRef = AA747D9E0F9514B9006C5449 /* LayerManager_Prefix.pch */; };
		AACBBE4A0F95108600F1A2B1 /* Foundation.framework in Frameworks */ = {isa = PBXBuildFile; fileRef = AACBBE490F95108600F1A2B1 /* Foundation.framework */; };
		B8BC1464109EBAEC000701DF /* GNLandmark.h in Headers */ = {isa = PBXBuildFile; fileRef = B8BC145E109EBAEC000701DF /* GNLandmark.h */; };
		B8BC1465109EBAEC000701DF /* GNLandmark.m in Sources */ = {isa = PBXBuildFile; fileRef = B8BC145F109EBAEC000701DF /* GNLandmark.m */; };
		B8BC1466109EBAEC000701DF /* GNLayer.h in Headers */ = {isa = PBXBuildFile; fileRef = B8BC1460109EBAEC000701DF /* GNLayer.h */; };
		B8BC1467109EBAEC000701DF /* GNLayer.m in Sources */ = {isa = PBXBuildFile; fileRef = B8BC1461109EBAEC000701DF /* GNLayer.m */; };
		B8BC1468109EBAEC000701DF /* GNLayerManager.h in Headers */ = {isa = PBXBuildFile; fileRef = B8BC1462109EBAEC000701DF /* GNLayerManager.h */; };
		B8BC1469109EBAEC000701DF /* GNLayerManager.m in Sources */ = {isa = PBXBuildFile; fileRef = B8BC1463109EBAEC000701DF /* GNLayerManager.m */; };
		B8BC147F109EBBB8000701DF /* CoreLocation.framework in Frameworks */ = {isa = PBXBuildFile; fileRef = B8BC147E109EBBB8000701DF /* CoreLocation.framework */; };
/* End PBXBuildFile section */

/* Begin PBXContainerItemProxy section */
		A215019610B26A8700774314 /* PBXContainerItemProxy */ = {
			isa = PBXContainerItemProxy;
			containerPortal = 0867D690FE84028FC02AAC07 /* Project object */;
			proxyType = 1;
			remoteGlobalIDString = D2AAC07D0554694100DB518D;
			remoteInfo = LayerManager;
		};
/* End PBXContainerItemProxy section */

/* Begin PBXFileReference section */
		A215001B10B254E600774314 /* TesterAppDelegate.h */ = {isa = PBXFileReference; fileEncoding = 4; lastKnownFileType = sourcecode.c.h; name = TesterAppDelegate.h; path = TesterApp/TesterAppDelegate.h; sourceTree = "<group>"; };
		A215001C10B254E600774314 /* TesterAppDelegate.m */ = {isa = PBXFileReference; fileEncoding = 4; lastKnownFileType = sourcecode.c.objc; name = TesterAppDelegate.m; path = TesterApp/TesterAppDelegate.m; sourceTree = "<group>"; };
		A215002A10B2557B00774314 /* main.m */ = {isa = PBXFileReference; fileEncoding = 4; lastKnownFileType = sourcecode.c.objc; path = main.m; sourceTree = "<group>"; };
		A215008510B255B000774314 /* MainWindow.xib */ = {isa = PBXFileReference; lastKnownFileType = file.xib; path = MainWindow.xib; sourceTree = "<group>"; };
		A215FF8810B2476900774314 /* CarletonBuildings.h */ = {isa = PBXFileReference; fileEncoding = 4; lastKnownFileType = sourcecode.c.h; path = CarletonBuildings.h; sourceTree = "<group>"; };
		A215FF8910B2476900774314 /* CarletonBuildings.m */ = {isa = PBXFileReference; fileEncoding = 4; lastKnownFileType = sourcecode.c.objc; path = CarletonBuildings.m; sourceTree = "<group>"; };
		A215FF9F10B24F2800774314 /* JSON.h */ = {isa = PBXFileReference; fileEncoding = 4; lastKnownFileType = sourcecode.c.h; path = JSON.h; sourceTree = "<group>"; };
		A215FFA010B24F2800774314 /* NSObject+SBJSON.h */ = {isa = PBXFileReference; fileEncoding = 4; lastKnownFileType = sourcecode.c.h; path = "NSObject+SBJSON.h"; sourceTree = "<group>"; };
		A215FFA110B24F2800774314 /* NSObject+SBJSON.m */ = {isa = PBXFileReference; fileEncoding = 4; lastKnownFileType = sourcecode.c.objc; path = "NSObject+SBJSON.m"; sourceTree = "<group>"; };
		A215FFA210B24F2800774314 /* NSString+SBJSON.h */ = {isa = PBXFileReference; fileEncoding = 4; lastKnownFileType = sourcecode.c.h; path = "NSString+SBJSON.h"; sourceTree = "<group>"; };
		A215FFA310B24F2800774314 /* NSString+SBJSON.m */ = {isa = PBXFileReference; fileEncoding = 4; lastKnownFileType = sourcecode.c.objc; path = "NSString+SBJSON.m"; sourceTree = "<group>"; };
		A215FFA410B24F2800774314 /* SBJSON.h */ = {isa = PBXFileReference; fileEncoding = 4; lastKnownFileType = sourcecode.c.h; path = SBJSON.h; sourceTree = "<group>"; };
		A215FFA510B24F2800774314 /* SBJSON.m */ = {isa = PBXFileReference; fileEncoding = 4; lastKnownFileType = sourcecode.c.objc; path = SBJSON.m; sourceTree = "<group>"; };
		A215FFA610B24F2800774314 /* SBJsonBase.h */ = {isa = PBXFileReference; fileEncoding = 4; lastKnownFileType = sourcecode.c.h; path = SBJsonBase.h; sourceTree = "<group>"; };
		A215FFA710B24F2800774314 /* SBJsonBase.m */ = {isa = PBXFileReference; fileEncoding = 4; lastKnownFileType = sourcecode.c.objc; path = SBJsonBase.m; sourceTree = "<group>"; };
		A215FFA810B24F2800774314 /* SBJsonParser.h */ = {isa = PBXFileReference; fileEncoding = 4; lastKnownFileType = sourcecode.c.h; path = SBJsonParser.h; sourceTree = "<group>"; };
		A215FFA910B24F2800774314 /* SBJsonParser.m */ = {isa = PBXFileReference; fileEncoding = 4; lastKnownFileType = sourcecode.c.objc; path = SBJsonParser.m; sourceTree = "<group>"; };
		A215FFAA10B24F2800774314 /* SBJsonWriter.h */ = {isa = PBXFileReference; fileEncoding = 4; lastKnownFileType = sourcecode.c.h; path = SBJsonWriter.h; sourceTree = "<group>"; };
		A215FFAB10B24F2800774314 /* SBJsonWriter.m */ = {isa = PBXFileReference; fileEncoding = 4; lastKnownFileType = sourcecode.c.objc; path = SBJsonWriter.m; sourceTree = "<group>"; };
		A215FFC410B2517D00774314 /* Tests-Info.plist */ = {isa = PBXFileReference; lastKnownFileType = text.plist.xml; path = "Tests-Info.plist"; sourceTree = "<group>"; };
		A215FFFC10B2546600774314 /* TesterApp.app */ = {isa = PBXFileReference; explicitFileType = wrapper.application; includeInIndex = 0; path = TesterApp.app; sourceTree = BUILT_PRODUCTS_DIR; };
		A215FFFE10B2546600774314 /* TesterApp-Info.plist */ = {isa = PBXFileReference; lastKnownFileType = text.plist.xml; path = "TesterApp-Info.plist"; sourceTree = "<group>"; };
		AA747D9E0F9514B9006C5449 /* LayerManager_Prefix.pch */ = {isa = PBXFileReference; fileEncoding = 4; lastKnownFileType = sourcecode.c.h; path = LayerManager_Prefix.pch; sourceTree = SOURCE_ROOT; };
		AACBBE490F95108600F1A2B1 /* Foundation.framework */ = {isa = PBXFileReference; lastKnownFileType = wrapper.framework; name = Foundation.framework; path = System/Library/Frameworks/Foundation.framework; sourceTree = SDKROOT; };
		B8BC145E109EBAEC000701DF /* GNLandmark.h */ = {isa = PBXFileReference; fileEncoding = 4; lastKnownFileType = sourcecode.c.h; path = GNLandmark.h; sourceTree = "<group>"; };
		B8BC145F109EBAEC000701DF /* GNLandmark.m */ = {isa = PBXFileReference; fileEncoding = 4; lastKnownFileType = sourcecode.c.objc; path = GNLandmark.m; sourceTree = "<group>"; };
		B8BC1460109EBAEC000701DF /* GNLayer.h */ = {isa = PBXFileReference; fileEncoding = 4; lastKnownFileType = sourcecode.c.h; path = GNLayer.h; sourceTree = "<group>"; };
		B8BC1461109EBAEC000701DF /* GNLayer.m */ = {isa = PBXFileReference; fileEncoding = 4; lastKnownFileType = sourcecode.c.objc; path = GNLayer.m; sourceTree = "<group>"; };
		B8BC1462109EBAEC000701DF /* GNLayerManager.h */ = {isa = PBXFileReference; fileEncoding = 4; lastKnownFileType = sourcecode.c.h; path = GNLayerManager.h; sourceTree = "<group>"; };
		B8BC1463109EBAEC000701DF /* GNLayerManager.m */ = {isa = PBXFileReference; fileEncoding = 4; lastKnownFileType = sourcecode.c.objc; path = GNLayerManager.m; sourceTree = "<group>"; };
		B8BC147E109EBBB8000701DF /* CoreLocation.framework */ = {isa = PBXFileReference; lastKnownFileType = wrapper.framework; name = CoreLocation.framework; path = System/Library/Frameworks/CoreLocation.framework; sourceTree = SDKROOT; };
		D2AAC07E0554694100DB518D /* libLayerManager.a */ = {isa = PBXFileReference; explicitFileType = archive.ar; includeInIndex = 0; path = libLayerManager.a; sourceTree = BUILT_PRODUCTS_DIR; };
/* End PBXFileReference section */

/* Begin PBXFrameworksBuildPhase section */
		A215FFFA10B2546600774314 /* Frameworks */ = {
			isa = PBXFrameworksBuildPhase;
			buildActionMask = 2147483647;
			files = (
				A215000210B2548200774314 /* libLayerManager.a in Frameworks */,
				A215000310B2548200774314 /* CoreLocation.framework in Frameworks */,
				A215000410B2548200774314 /* Foundation.framework in Frameworks */,
			);
			runOnlyForDeploymentPostprocessing = 0;
		};
		D2AAC07C0554694100DB518D /* Frameworks */ = {
			isa = PBXFrameworksBuildPhase;
			buildActionMask = 2147483647;
			files = (
				AACBBE4A0F95108600F1A2B1 /* Foundation.framework in Frameworks */,
				B8BC147F109EBBB8000701DF /* CoreLocation.framework in Frameworks */,
			);
			runOnlyForDeploymentPostprocessing = 0;
		};
/* End PBXFrameworksBuildPhase section */

/* Begin PBXGroup section */
		034768DFFF38A50411DB9C8B /* Products */ = {
			isa = PBXGroup;
			children = (
				D2AAC07E0554694100DB518D /* libLayerManager.a */,
				A215FFFC10B2546600774314 /* TesterApp.app */,
			);
			name = Products;
			sourceTree = "<group>";
		};
		0867D691FE84028FC02AAC07 /* LayerManager */ = {
			isa = PBXGroup;
			children = (
				A215000510B2548C00774314 /* TesterApp */,
				A215FF9E10B24F2800774314 /* JSON */,
				08FB77AEFE84172EC02AAC07 /* Classes */,
				32C88DFF0371C24200C91783 /* Other Sources */,
				0867D69AFE84028FC02AAC07 /* Frameworks */,
				034768DFFF38A50411DB9C8B /* Products */,
				A215FFC410B2517D00774314 /* Tests-Info.plist */,
				A215FFFE10B2546600774314 /* TesterApp-Info.plist */,
			);
			name = LayerManager;
			sourceTree = "<group>";
		};
		0867D69AFE84028FC02AAC07 /* Frameworks */ = {
			isa = PBXGroup;
			children = (
				AACBBE490F95108600F1A2B1 /* Foundation.framework */,
				B8BC147E109EBBB8000701DF /* CoreLocation.framework */,
			);
			name = Frameworks;
			sourceTree = "<group>";
		};
		08FB77AEFE84172EC02AAC07 /* Classes */ = {
			isa = PBXGroup;
			children = (
				B8BC145E109EBAEC000701DF /* GNLandmark.h */,
				B8BC145F109EBAEC000701DF /* GNLandmark.m */,
				B8BC1460109EBAEC000701DF /* GNLayer.h */,
				B8BC1461109EBAEC000701DF /* GNLayer.m */,
				B8BC1462109EBAEC000701DF /* GNLayerManager.h */,
				B8BC1463109EBAEC000701DF /* GNLayerManager.m */,
				A215FF8810B2476900774314 /* CarletonBuildings.h */,
				A215FF8910B2476900774314 /* CarletonBuildings.m */,
			);
			name = Classes;
			sourceTree = "<group>";
		};
		32C88DFF0371C24200C91783 /* Other Sources */ = {
			isa = PBXGroup;
			children = (
				AA747D9E0F9514B9006C5449 /* LayerManager_Prefix.pch */,
			);
			name = "Other Sources";
			sourceTree = "<group>";
		};
		A215000510B2548C00774314 /* TesterApp */ = {
			isa = PBXGroup;
			children = (
				A215001B10B254E600774314 /* TesterAppDelegate.h */,
				A215001C10B254E600774314 /* TesterAppDelegate.m */,
				A215002A10B2557B00774314 /* main.m */,
				A215008510B255B000774314 /* MainWindow.xib */,
			);
			name = TesterApp;
			sourceTree = "<group>";
		};
		A215FF9E10B24F2800774314 /* JSON */ = {
			isa = PBXGroup;
			children = (
				A215FF9F10B24F2800774314 /* JSON.h */,
				A215FFA010B24F2800774314 /* NSObject+SBJSON.h */,
				A215FFA110B24F2800774314 /* NSObject+SBJSON.m */,
				A215FFA210B24F2800774314 /* NSString+SBJSON.h */,
				A215FFA310B24F2800774314 /* NSString+SBJSON.m */,
				A215FFA410B24F2800774314 /* SBJSON.h */,
				A215FFA510B24F2800774314 /* SBJSON.m */,
				A215FFA610B24F2800774314 /* SBJsonBase.h */,
				A215FFA710B24F2800774314 /* SBJsonBase.m */,
				A215FFA810B24F2800774314 /* SBJsonParser.h */,
				A215FFA910B24F2800774314 /* SBJsonParser.m */,
				A215FFAA10B24F2800774314 /* SBJsonWriter.h */,
				A215FFAB10B24F2800774314 /* SBJsonWriter.m */,
			);
			path = JSON;
			sourceTree = "<group>";
		};
/* End PBXGroup section */

/* Begin PBXHeadersBuildPhase section */
		D2AAC07A0554694100DB518D /* Headers */ = {
			isa = PBXHeadersBuildPhase;
			buildActionMask = 2147483647;
			files = (
				AA747D9F0F9514B9006C5449 /* LayerManager_Prefix.pch in Headers */,
				B8BC1464109EBAEC000701DF /* GNLandmark.h in Headers */,
				B8BC1466109EBAEC000701DF /* GNLayer.h in Headers */,
				B8BC1468109EBAEC000701DF /* GNLayerManager.h in Headers */,
				A215FF8A10B2476900774314 /* CarletonBuildings.h in Headers */,
				A215FFAC10B24F2800774314 /* JSON.h in Headers */,
				A215FFAD10B24F2800774314 /* NSObject+SBJSON.h in Headers */,
				A215FFAF10B24F2800774314 /* NSString+SBJSON.h in Headers */,
				A215FFB110B24F2800774314 /* SBJSON.h in Headers */,
				A215FFB310B24F2800774314 /* SBJsonBase.h in Headers */,
				A215FFB510B24F2800774314 /* SBJsonParser.h in Headers */,
				A215FFB710B24F2800774314 /* SBJsonWriter.h in Headers */,
			);
			runOnlyForDeploymentPostprocessing = 0;
		};
/* End PBXHeadersBuildPhase section */

/* Begin PBXNativeTarget section */
		A215FFFB10B2546600774314 /* TesterApp */ = {
			isa = PBXNativeTarget;
			buildConfigurationList = A215000110B2546600774314 /* Build configuration list for PBXNativeTarget "TesterApp" */;
			buildPhases = (
				A215FFF810B2546600774314 /* Resources */,
				A215FFF910B2546600774314 /* Sources */,
				A215FFFA10B2546600774314 /* Frameworks */,
			);
			buildRules = (
			);
			dependencies = (
				A215019710B26A8700774314 /* PBXTargetDependency */,
			);
			name = TesterApp;
			productName = TesterApp;
			productReference = A215FFFC10B2546600774314 /* TesterApp.app */;
			productType = "com.apple.product-type.application";
		};
		D2AAC07D0554694100DB518D /* LayerManager */ = {
			isa = PBXNativeTarget;
			buildConfigurationList = 1DEB921E08733DC00010E9CD /* Build configuration list for PBXNativeTarget "LayerManager" */;
			buildPhases = (
				D2AAC07A0554694100DB518D /* Headers */,
				D2AAC07B0554694100DB518D /* Sources */,
				D2AAC07C0554694100DB518D /* Frameworks */,
			);
			buildRules = (
			);
			dependencies = (
			);
			name = LayerManager;
			productName = LayerManager;
			productReference = D2AAC07E0554694100DB518D /* libLayerManager.a */;
			productType = "com.apple.product-type.library.static";
		};
/* End PBXNativeTarget section */

/* Begin PBXProject section */
		0867D690FE84028FC02AAC07 /* Project object */ = {
			isa = PBXProject;
			buildConfigurationList = 1DEB922208733DC00010E9CD /* Build configuration list for PBXProject "LayerManager" */;
			compatibilityVersion = "Xcode 3.1";
			hasScannedForEncodings = 1;
			mainGroup = 0867D691FE84028FC02AAC07 /* LayerManager */;
			productRefGroup = 034768DFFF38A50411DB9C8B /* Products */;
			projectDirPath = "";
			projectRoot = "";
			targets = (
				D2AAC07D0554694100DB518D /* LayerManager */,
				A215FFFB10B2546600774314 /* TesterApp */,
			);
		};
/* End PBXProject section */

/* Begin PBXResourcesBuildPhase section */
		A215FFF810B2546600774314 /* Resources */ = {
			isa = PBXResourcesBuildPhase;
			buildActionMask = 2147483647;
			files = (
				A215008610B255B000774314 /* MainWindow.xib in Resources */,
			);
			runOnlyForDeploymentPostprocessing = 0;
		};
/* End PBXResourcesBuildPhase section */

/* Begin PBXSourcesBuildPhase section */
		A215FFF910B2546600774314 /* Sources */ = {
			isa = PBXSourcesBuildPhase;
			buildActionMask = 2147483647;
			files = (
				A215001D10B254E600774314 /* TesterAppDelegate.m in Sources */,
				A215002B10B2557B00774314 /* main.m in Sources */,
			);
			runOnlyForDeploymentPostprocessing = 0;
		};
		D2AAC07B0554694100DB518D /* Sources */ = {
			isa = PBXSourcesBuildPhase;
			buildActionMask = 2147483647;
			files = (
				B8BC1465109EBAEC000701DF /* GNLandmark.m in Sources */,
				B8BC1467109EBAEC000701DF /* GNLayer.m in Sources */,
				B8BC1469109EBAEC000701DF /* GNLayerManager.m in Sources */,
				A215FF8B10B2476900774314 /* CarletonBuildings.m in Sources */,
				A215FFAE10B24F2800774314 /* NSObject+SBJSON.m in Sources */,
				A215FFB010B24F2800774314 /* NSString+SBJSON.m in Sources */,
				A215FFB210B24F2800774314 /* SBJSON.m in Sources */,
				A215FFB410B24F2800774314 /* SBJsonBase.m in Sources */,
				A215FFB610B24F2800774314 /* SBJsonParser.m in Sources */,
				A215FFB810B24F2800774314 /* SBJsonWriter.m in Sources */,
			);
			runOnlyForDeploymentPostprocessing = 0;
		};
/* End PBXSourcesBuildPhase section */

/* Begin PBXTargetDependency section */
		A215019710B26A8700774314 /* PBXTargetDependency */ = {
			isa = PBXTargetDependency;
			target = D2AAC07D0554694100DB518D /* LayerManager */;
			targetProxy = A215019610B26A8700774314 /* PBXContainerItemProxy */;
		};
/* End PBXTargetDependency section */

/* Begin XCBuildConfiguration section */
		1DEB921F08733DC00010E9CD /* Debug */ = {
			isa = XCBuildConfiguration;
			buildSettings = {
				ALWAYS_SEARCH_USER_PATHS = NO;
				ARCHS = "$(ARCHS_STANDARD_32_BIT)";
				COPY_PHASE_STRIP = NO;
				DSTROOT = /tmp/LayerManager.dst;
				GCC_DYNAMIC_NO_PIC = NO;
				GCC_ENABLE_FIX_AND_CONTINUE = YES;
				GCC_MODEL_TUNING = G5;
				GCC_OPTIMIZATION_LEVEL = 0;
				GCC_PRECOMPILE_PREFIX_HEADER = YES;
				GCC_PREFIX_HEADER = LayerManager_Prefix.pch;
				INSTALL_PATH = /usr/local/lib;
				PRODUCT_NAME = LayerManager;
			};
			name = Debug;
		};
		1DEB922008733DC00010E9CD /* Release */ = {
			isa = XCBuildConfiguration;
			buildSettings = {
				ALWAYS_SEARCH_USER_PATHS = NO;
				ARCHS = "$(ARCHS_STANDARD_32_BIT)";
				DSTROOT = /tmp/LayerManager.dst;
				GCC_MODEL_TUNING = G5;
				GCC_PRECOMPILE_PREFIX_HEADER = YES;
				GCC_PREFIX_HEADER = LayerManager_Prefix.pch;
				INSTALL_PATH = /usr/local/lib;
				PRODUCT_NAME = LayerManager;
			};
			name = Release;
		};
		1DEB922308733DC00010E9CD /* Debug */ = {
			isa = XCBuildConfiguration;
			buildSettings = {
				ARCHS = "$(ARCHS_STANDARD_32_BIT)";
				GCC_C_LANGUAGE_STANDARD = c99;
				GCC_OPTIMIZATION_LEVEL = 0;
				GCC_WARN_ABOUT_RETURN_TYPE = YES;
				GCC_WARN_UNUSED_VARIABLE = YES;
				OTHER_LDFLAGS = "-ObjC";
				PREBINDING = NO;
				SDKROOT = iphoneos3.1.2;
			};
			name = Debug;
		};
		1DEB922408733DC00010E9CD /* Release */ = {
			isa = XCBuildConfiguration;
			buildSettings = {
				ARCHS = "$(ARCHS_STANDARD_32_BIT)";
				GCC_C_LANGUAGE_STANDARD = c99;
				GCC_WARN_ABOUT_RETURN_TYPE = YES;
				GCC_WARN_UNUSED_VARIABLE = YES;
				OTHER_LDFLAGS = "-ObjC";
				PREBINDING = NO;
				SDKROOT = iphoneos3.1.2;
			};
			name = Release;
		};
		A215000010B2546600774314 /* Release */ = {
			isa = XCBuildConfiguration;
			buildSettings = {
				ALWAYS_SEARCH_USER_PATHS = NO;
				CODE_SIGN_IDENTITY = "iPhone Developer";
				COPY_PHASE_STRIP = YES;
				DEBUG_INFORMATION_FORMAT = "dwarf-with-dsym";
				GCC_ENABLE_FIX_AND_CONTINUE = NO;
				GCC_PRECOMPILE_PREFIX_HEADER = YES;
				GCC_PREFIX_HEADER = "$(SYSTEM_LIBRARY_DIR)/Frameworks/UIKit.framework/Headers/UIKit.h";
				INFOPLIST_FILE = "TesterApp-Info.plist";
				INSTALL_PATH = "$(HOME)/Applications";
				OTHER_LDFLAGS = (
					"-framework",
					Foundation,
					"-framework",
					UIKit,
				);
				PREBINDING = NO;
				PRODUCT_NAME = TesterApp;
				SDKROOT = iphoneos3.1.2;
				ZERO_LINK = NO;
			};
			name = Release;
		};
		A215FFFF10B2546600774314 /* Debug */ = {
			isa = XCBuildConfiguration;
			buildSettings = {
				ALWAYS_SEARCH_USER_PATHS = NO;
				CODE_SIGN_IDENTITY = "iPhone Developer";
				COPY_PHASE_STRIP = NO;
				GCC_DYNAMIC_NO_PIC = NO;
				GCC_OPTIMIZATION_LEVEL = 0;
				GCC_PRECOMPILE_PREFIX_HEADER = YES;
				GCC_PREFIX_HEADER = "$(SYSTEM_LIBRARY_DIR)/Frameworks/UIKit.framework/Headers/UIKit.h";
				INFOPLIST_FILE = "TesterApp-Info.plist";
				INSTALL_PATH = "$(HOME)/Applications";
				OTHER_LDFLAGS = (
					"-framework",
					Foundation,
					"-framework",
					UIKit,
				);
				PREBINDING = NO;
				PRODUCT_NAME = TesterApp;
				SDKROOT = iphoneos3.1.2;
			};
			name = Debug;
		};
/* End XCBuildConfiguration section */

/* Begin XCConfigurationList section */
		1DEB921E08733DC00010E9CD /* Build configuration list for PBXNativeTarget "LayerManager" */ = {
			isa = XCConfigurationList;
			buildConfigurations = (
				1DEB921F08733DC00010E9CD /* Debug */,
				1DEB922008733DC00010E9CD /* Release */,
			);
			defaultConfigurationIsVisible = 0;
			defaultConfigurationName = Release;
		};
		1DEB922208733DC00010E9CD /* Build configuration list for PBXProject "LayerManager" */ = {
			isa = XCConfigurationList;
			buildConfigurations = (
				1DEB922308733DC00010E9CD /* Debug */,
				1DEB922408733DC00010E9CD /* Release */,
			);
			defaultConfigurationIsVisible = 0;
			defaultConfigurationName = Release;
		};
		A215000110B2546600774314 /* Build configuration list for PBXNativeTarget "TesterApp" */ = {
			isa = XCConfigurationList;
			buildConfigurations = (
				A215FFFF10B2546600774314 /* Debug */,
				A215000010B2546600774314 /* Release */,
			);
			defaultConfigurationIsVisible = 0;
			defaultConfigurationName = Release;
		};
/* End XCConfigurationList section */
	};
	rootObject = 0867D690FE84028FC02AAC07 /* Project object */;
}
